
Microsoft Visual Studio Solution File, Format Version 12.00
# Visual Studio Version 16
VisualStudioVersion = 16.0.31321.278
MinimumVisualStudioVersion = 10.0.40219.1
Project("{9A19103F-16F7-4668-BE54-9A1E7A4F7556}") = "Task3", "Task 3\Task3.csproj", "{7090B1B6-873E-4E04-A649-02A2EB2BFBEE}"
EndProject
Global
	GlobalSection(SolutionConfigurationPlatforms) = preSolution
		Debug|Any CPU = Debug|Any CPU
		Release|Any CPU = Release|Any CPU
	EndGlobalSection
	GlobalSection(ProjectConfigurationPlatforms) = postSolution
		{7090B1B6-873E-4E04-A649-02A2EB2BFBEE}.Debug|Any CPU.ActiveCfg = Debug|Any CPU
		{7090B1B6-873E-4E04-A649-02A2EB2BFBEE}.Debug|Any CPU.Build.0 = Debug|Any CPU
		{7090B1B6-873E-4E04-A649-02A2EB2BFBEE}.Release|Any CPU.ActiveCfg = Release|Any CPU
		{7090B1B6-873E-4E04-A649-02A2EB2BFBEE}.Release|Any CPU.Build.0 = Release|Any CPU
	EndGlobalSection
	GlobalSection(SolutionProperties) = preSolution
		HideSolutionNode = FALSE
	EndGlobalSection
	GlobalSection(ExtensibilityGlobals) = postSolution
		SolutionGuid = {6EF9ABBB-CE58-4FB6-972D-A0146608C2E8}
	EndGlobalSection
EndGlobal
